
Microsoft Visual Studio Solution File, Format Version 12.00
# Visual Studio Version 16
VisualStudioVersion = 16.0.29613.14
MinimumVisualStudioVersion = 10.0.40219.1
Project("{FAE04EC0-301F-11D3-BF4B-00C04F79EFBC}") = "DataBaseLibrary", "DataBaseLibrary\DataBaseLibrary.csproj", "{C396AF22-D4F3-40F1-9546-3269E93BEBC1}"
EndProject
Project("{FAE04EC0-301F-11D3-BF4B-00C04F79EFBC}") = "FileAccessLibrary", "FileAccessLibrary\FileAccessLibrary.csproj", "{DE5FE423-50F2-4525-9A44-829B40333DE1}"
EndProject
Project("{FAE04EC0-301F-11D3-BF4B-00C04F79EFBC}") = "ChatWebApi", "ChatWebApi\ChatWebApi.csproj", "{59CF355C-E6E3-4F1B-B874-90E21177E1F7}"
EndProject
Global
	GlobalSection(SolutionConfigurationPlatforms) = preSolution
		Debug|Any CPU = Debug|Any CPU
		Release|Any CPU = Release|Any CPU
	EndGlobalSection
	GlobalSection(ProjectConfigurationPlatforms) = postSolution
		{C396AF22-D4F3-40F1-9546-3269E93BEBC1}.Debug|Any CPU.ActiveCfg = Debug|Any CPU
		{C396AF22-D4F3-40F1-9546-3269E93BEBC1}.Debug|Any CPU.Build.0 = Debug|Any CPU
		{C396AF22-D4F3-40F1-9546-3269E93BEBC1}.Release|Any CPU.ActiveCfg = Release|Any CPU
		{C396AF22-D4F3-40F1-9546-3269E93BEBC1}.Release|Any CPU.Build.0 = Release|Any CPU
		{DE5FE423-50F2-4525-9A44-829B40333DE1}.Debug|Any CPU.ActiveCfg = Debug|Any CPU
		{DE5FE423-50F2-4525-9A44-829B40333DE1}.Debug|Any CPU.Build.0 = Debug|Any CPU
		{DE5FE423-50F2-4525-9A44-829B40333DE1}.Release|Any CPU.ActiveCfg = Release|Any CPU
		{DE5FE423-50F2-4525-9A44-829B40333DE1}.Release|Any CPU.Build.0 = Release|Any CPU
		{59CF355C-E6E3-4F1B-B874-90E21177E1F7}.Debug|Any CPU.ActiveCfg = Debug|Any CPU
		{59CF355C-E6E3-4F1B-B874-90E21177E1F7}.Debug|Any CPU.Build.0 = Debug|Any CPU
		{59CF355C-E6E3-4F1B-B874-90E21177E1F7}.Release|Any CPU.ActiveCfg = Release|Any CPU
		{59CF355C-E6E3-4F1B-B874-90E21177E1F7}.Release|Any CPU.Build.0 = Release|Any CPU
	EndGlobalSection
	GlobalSection(SolutionProperties) = preSolution
		HideSolutionNode = FALSE
	EndGlobalSection
	GlobalSection(ExtensibilityGlobals) = postSolution
		SolutionGuid = {19D21321-E971-427D-9742-DAD9F7C7B730}
	EndGlobalSection
EndGlobal
